<?xml version="1.0" encoding="utf-8"?>
<Project ToolsVersion="4.0" xmlns="http://schemas.microsoft.com/developer/msbuild/2003">
  <ItemGroup>
    <Filter Include="Resources">
      <UniqueIdentifier>{4e097eb5-c12c-448b-8b5a-34188a2a0a01}</UniqueIdentifier>
    </Filter>
    <Filter Include="System">
      <UniqueIdentifier>{1eb26ada-4ee1-4105-a5f3-212a26b43fed}</UniqueIdentifier>
    </Filter>
    <Filter Include="System\MicroPather">
      <UniqueIdentifier>{d7921341-db26-4b59-b590-1cd922940032}</UniqueIdentifier>
    </Filter>
    <Filter Include="Managers">
      <UniqueIdentifier>{777a2010-7ae7-41e7-8d10-1a3d2e6b3001}</UniqueIdentifier>
    </Filter>
    <Filter Include="GUI">
      <UniqueIdentifier>{2f4c4852-44a1-459f-8666-e8c263c47196}</UniqueIdentifier>
    </Filter>
    <Filter Include="Entities">
      <UniqueIdentifier>{937bb94c-5106-4040-acad-0614d72cd11b}</UniqueIdentifier>
    </Filter>
    <Filter Include="Menus">
      <UniqueIdentifier>{51f0c24a-295f-46b9-bf3a-c589a2c258b5}</UniqueIdentifier>
    </Filter>
    <Filter Include="Activities">
      <UniqueIdentifier>{4d361173-4982-4e1b-8967-8ab53105dc7f}</UniqueIdentifier>
    </Filter>
    <Filter Include="Lua">
      <UniqueIdentifier>{ac503e37-087b-40b8-b1b8-427ab55a4f9e}</UniqueIdentifier>
    </Filter>
  </ItemGroup>
  <ItemGroup>
    <ClInclude Include="System\Box.h">
      <Filter>System</Filter>
    </ClInclude>
    <ClInclude Include="System\Color.h">
      <Filter>System</Filter>
    </ClInclude>
    <ClInclude Include="System\ContentFile.h">
      <Filter>System</Filter>
    </ClInclude>
    <ClInclude Include="System\DataModule.h">
      <Filter>System</Filter>
    </ClInclude>
    <ClInclude Include="System\Matrix.h">
      <Filter>System</Filter>
    </ClInclude>
    <ClInclude Include="System\PathFinder.h">
      <Filter>System</Filter>
    </ClInclude>
    <ClInclude Include="System\Reader.h">
      <Filter>System</Filter>
    </ClInclude>
    <ClInclude Include="System\Serializable.h">
      <Filter>System</Filter>
    </ClInclude>
    <ClInclude Include="System\Singleton.h">
      <Filter>System</Filter>
    </ClInclude>
    <ClInclude Include="System\System.h">
      <Filter>System</Filter>
    </ClInclude>
    <ClInclude Include="System\Timer.h">
      <Filter>System</Filter>
    </ClInclude>
    <ClInclude Include="System\Vector.h">
      <Filter>System</Filter>
    </ClInclude>
    <ClInclude Include="System\Writer.h">
      <Filter>System</Filter>
    </ClInclude>
    <ClInclude Include="System\MicroPather\micropather.h">
      <Filter>System\MicroPather</Filter>
    </ClInclude>
    <ClInclude Include="Managers\AchievementMan.h">
      <Filter>Managers</Filter>
    </ClInclude>
    <ClInclude Include="Managers\ActivityMan.h">
      <Filter>Managers</Filter>
    </ClInclude>
    <ClInclude Include="Managers\AudioMan.h">
      <Filter>Managers</Filter>
    </ClInclude>
    <ClInclude Include="Managers\ConsoleMan.h">
      <Filter>Managers</Filter>
    </ClInclude>
    <ClInclude Include="managers\FrameMan.h">
      <Filter>Managers</Filter>
    </ClInclude>
    <ClInclude Include="Managers\LuaMan.h">
      <Filter>Managers</Filter>
    </ClInclude>
    <ClInclude Include="Managers\MetaMan.h">
      <Filter>Managers</Filter>
    </ClInclude>
    <ClInclude Include="Managers\MovableMan.h">
      <Filter>Managers</Filter>
    </ClInclude>
    <ClInclude Include="Managers\PresetMan.h">
      <Filter>Managers</Filter>
    </ClInclude>
    <ClInclude Include="Managers\SceneMan.h">
      <Filter>Managers</Filter>
    </ClInclude>
    <ClInclude Include="Managers\SettingsMan.h">
      <Filter>Managers</Filter>
    </ClInclude>
    <ClInclude Include="Managers\TimerMan.h">
      <Filter>Managers</Filter>
    </ClInclude>
    <ClInclude Include="Managers\UInputMan.h">
      <Filter>Managers</Filter>
    </ClInclude>
    <ClInclude Include="GUI\AllegroBitmap.h">
      <Filter>GUI</Filter>
    </ClInclude>
    <ClInclude Include="GUI\AllegroInput.h">
      <Filter>GUI</Filter>
    </ClInclude>
    <ClInclude Include="GUI\AllegroScreen.h">
      <Filter>GUI</Filter>
    </ClInclude>
    <ClInclude Include="GUI\GUI.h">
      <Filter>GUI</Filter>
    </ClInclude>
    <ClInclude Include="GUI\GUIBanner.h">
      <Filter>GUI</Filter>
    </ClInclude>
    <ClInclude Include="GUI\GUIButton.h">
      <Filter>GUI</Filter>
    </ClInclude>
    <ClInclude Include="GUI\GUICheckbox.h">
      <Filter>GUI</Filter>
    </ClInclude>
    <ClInclude Include="GUI\GUICollectionBox.h">
      <Filter>GUI</Filter>
    </ClInclude>
    <ClInclude Include="GUI\GUIComboBox.h">
      <Filter>GUI</Filter>
    </ClInclude>
    <ClInclude Include="GUI\GUIControl.h">
      <Filter>GUI</Filter>
    </ClInclude>
    <ClInclude Include="GUI\GUIControlFactory.h">
      <Filter>GUI</Filter>
    </ClInclude>
    <ClInclude Include="GUI\GUIControlManager.h">
      <Filter>GUI</Filter>
    </ClInclude>
    <ClInclude Include="GUI\GUIEvent.h">
      <Filter>GUI</Filter>
    </ClInclude>
    <ClInclude Include="GUI\GUIFont.h">
      <Filter>GUI</Filter>
    </ClInclude>
    <ClInclude Include="GUI\GUIInput.h">
      <Filter>GUI</Filter>
    </ClInclude>
    <ClInclude Include="GUI\GUILabel.h">
      <Filter>GUI</Filter>
    </ClInclude>
    <ClInclude Include="GUI\GUIListBox.h">
      <Filter>GUI</Filter>
    </ClInclude>
    <ClInclude Include="GUI\GUIListPanel.h">
      <Filter>GUI</Filter>
    </ClInclude>
    <ClInclude Include="GUI\GUIManager.h">
      <Filter>GUI</Filter>
    </ClInclude>
    <ClInclude Include="GUI\GUIPanel.h">
      <Filter>GUI</Filter>
    </ClInclude>
    <ClInclude Include="GUI\GUIProgressBar.h">
      <Filter>GUI</Filter>
    </ClInclude>
    <ClInclude Include="GUI\GUIProperties.h">
      <Filter>GUI</Filter>
    </ClInclude>
    <ClInclude Include="GUI\GUIPropertyPage.h">
      <Filter>GUI</Filter>
    </ClInclude>
    <ClInclude Include="GUI\GUIRadioButton.h">
      <Filter>GUI</Filter>
    </ClInclude>
    <ClInclude Include="GUI\GUIScrollbar.h">
      <Filter>GUI</Filter>
    </ClInclude>
    <ClInclude Include="GUI\GUIScrollPanel.h">
      <Filter>GUI</Filter>
    </ClInclude>
    <ClInclude Include="GUI\GUISkin.h">
      <Filter>GUI</Filter>
    </ClInclude>
    <ClInclude Include="GUI\GUISlider.h">
      <Filter>GUI</Filter>
    </ClInclude>
    <ClInclude Include="GUI\GUITab.h">
      <Filter>GUI</Filter>
    </ClInclude>
    <ClInclude Include="GUI\GUITextBox.h">
      <Filter>GUI</Filter>
    </ClInclude>
    <ClInclude Include="GUI\GUITextPanel.h">
      <Filter>GUI</Filter>
    </ClInclude>
    <ClInclude Include="GUI\GUIUtil.h">
      <Filter>GUI</Filter>
    </ClInclude>
    <ClInclude Include="Entities\ACDropShip.h">
      <Filter>Entities</Filter>
    </ClInclude>
    <ClInclude Include="Entities\ACrab.h">
      <Filter>Entities</Filter>
    </ClInclude>
    <ClInclude Include="Entities\ACraft.h">
      <Filter>Entities</Filter>
    </ClInclude>
    <ClInclude Include="Entities\ACRocket.h">
      <Filter>Entities</Filter>
    </ClInclude>
    <ClInclude Include="Entities\Actor.h">
      <Filter>Entities</Filter>
    </ClInclude>
    <ClInclude Include="Entities\ADoor.h">
      <Filter>Entities</Filter>
    </ClInclude>
    <ClInclude Include="Entities\AEmitter.h">
      <Filter>Entities</Filter>
    </ClInclude>
    <ClInclude Include="Entities\AHuman.h">
      <Filter>Entities</Filter>
    </ClInclude>
    <ClInclude Include="Entities\Arm.h">
      <Filter>Entities</Filter>
    </ClInclude>
    <ClInclude Include="Entities\AtomGroup.h">
      <Filter>Entities</Filter>
    </ClInclude>
    <ClInclude Include="Entities\Attachable.h">
      <Filter>Entities</Filter>
    </ClInclude>
    <ClInclude Include="Entities\BunkerAssembly.h">
      <Filter>Entities</Filter>
    </ClInclude>
    <ClInclude Include="Entities\BunkerAssemblyScheme.h">
      <Filter>Entities</Filter>
    </ClInclude>
    <ClInclude Include="Entities\Deployment.h">
      <Filter>Entities</Filter>
    </ClInclude>
    <ClInclude Include="Entities\GlobalScript.h">
      <Filter>Entities</Filter>
    </ClInclude>
    <ClInclude Include="Entities\HDFirearm.h">
      <Filter>Entities</Filter>
    </ClInclude>
    <ClInclude Include="Entities\HeldDevice.h">
      <Filter>Entities</Filter>
    </ClInclude>
    <ClInclude Include="Entities\Icon.h">
      <Filter>Entities</Filter>
    </ClInclude>
    <ClInclude Include="Entities\Leg.h">
      <Filter>Entities</Filter>
    </ClInclude>
    <ClInclude Include="Entities\LimbPath.h">
      <Filter>Entities</Filter>
    </ClInclude>
    <ClInclude Include="Entities\Loadout.h">
      <Filter>Entities</Filter>
    </ClInclude>
    <ClInclude Include="Entities\Magazine.h">
      <Filter>Entities</Filter>
    </ClInclude>
    <ClInclude Include="Entities\Material.h">
      <Filter>Entities</Filter>
    </ClInclude>
    <ClInclude Include="Entities\MetaPlayer.h">
      <Filter>Entities</Filter>
    </ClInclude>
    <ClInclude Include="Entities\MOPixel.h">
      <Filter>Entities</Filter>
    </ClInclude>
    <ClInclude Include="Entities\MOSParticle.h">
      <Filter>Entities</Filter>
    </ClInclude>
    <ClInclude Include="Entities\MOSprite.h">
      <Filter>Entities</Filter>
    </ClInclude>
    <ClInclude Include="Entities\MOSRotating.h">
      <Filter>Entities</Filter>
    </ClInclude>
    <ClInclude Include="Entities\MovableObject.h">
      <Filter>Entities</Filter>
    </ClInclude>
    <ClInclude Include="Entities\Scene.h">
      <Filter>Entities</Filter>
    </ClInclude>
    <ClInclude Include="Entities\SceneLayer.h">
      <Filter>Entities</Filter>
    </ClInclude>
    <ClInclude Include="Entities\SceneObject.h">
      <Filter>Entities</Filter>
    </ClInclude>
    <ClInclude Include="Entities\SLTerrain.h">
      <Filter>Entities</Filter>
    </ClInclude>
    <ClInclude Include="Entities\TDExplosive.h">
      <Filter>Entities</Filter>
    </ClInclude>
    <ClInclude Include="Entities\TerrainDebris.h">
      <Filter>Entities</Filter>
    </ClInclude>
    <ClInclude Include="Entities\TerrainObject.h">
      <Filter>Entities</Filter>
    </ClInclude>
    <ClInclude Include="Entities\ThrownDevice.h">
      <Filter>Entities</Filter>
    </ClInclude>
    <ClInclude Include="Entities\Turret.h">
      <Filter>Entities</Filter>
    </ClInclude>
    <ClInclude Include="Activities\ActorEditor.h">
      <Filter>Activities</Filter>
    </ClInclude>
    <ClInclude Include="Activities\AreaEditor.h">
      <Filter>Activities</Filter>
    </ClInclude>
    <ClInclude Include="Activities\AssemblyEditor.h">
      <Filter>Activities</Filter>
    </ClInclude>
    <ClInclude Include="Activities\BaseEditor.h">
      <Filter>Activities</Filter>
    </ClInclude>
    <ClInclude Include="Activities\EditorActivity.h">
      <Filter>Activities</Filter>
    </ClInclude>
    <ClInclude Include="Activities\GABaseDefense.h">
      <Filter>Activities</Filter>
    </ClInclude>
    <ClInclude Include="Activities\GABrainMatch.h">
      <Filter>Activities</Filter>
    </ClInclude>
    <ClInclude Include="Activities\GameActivity.h">
      <Filter>Activities</Filter>
    </ClInclude>
    <ClInclude Include="Activities\GAScripted.h">
      <Filter>Activities</Filter>
    </ClInclude>
    <ClInclude Include="Activities\GATutorial.h">
      <Filter>Activities</Filter>
    </ClInclude>
    <ClInclude Include="Activities\GibEditor.h">
      <Filter>Activities</Filter>
    </ClInclude>
    <ClInclude Include="Activities\SceneEditor.h">
      <Filter>Activities</Filter>
    </ClInclude>
    <ClInclude Include="Menus\AreaEditorGUI.h">
      <Filter>Menus</Filter>
    </ClInclude>
    <ClInclude Include="Menus\AreaPickerGUI.h">
      <Filter>Menus</Filter>
    </ClInclude>
    <ClInclude Include="Menus\AssemblyEditorGUI.h">
      <Filter>Menus</Filter>
    </ClInclude>
    <ClInclude Include="Menus\BuyMenuGUI.h">
      <Filter>Menus</Filter>
    </ClInclude>
    <ClInclude Include="Menus\GibEditorGUI.h">
      <Filter>Menus</Filter>
    </ClInclude>
    <ClInclude Include="Menus\MainMenuGUI.h">
      <Filter>Menus</Filter>
    </ClInclude>
    <ClInclude Include="Menus\MetagameGUI.h">
      <Filter>Menus</Filter>
    </ClInclude>
    <ClInclude Include="Menus\ObjectPickerGUI.h">
      <Filter>Menus</Filter>
    </ClInclude>
    <ClInclude Include="Menus\PieMenuGUI.h">
      <Filter>Menus</Filter>
    </ClInclude>
    <ClInclude Include="Menus\ScenarioGUI.h">
      <Filter>Menus</Filter>
    </ClInclude>
    <ClInclude Include="Menus\SceneEditorGUI.h">
      <Filter>Menus</Filter>
    </ClInclude>
    <ClInclude Include="Entities\Emission.h">
      <Filter>Entities</Filter>
    </ClInclude>
    <ClInclude Include="Entities\PEmitter.h">
      <Filter>Entities</Filter>
    </ClInclude>
    <ClInclude Include="Managers\NetworkClient.h">
      <Filter>Managers</Filter>
    </ClInclude>
    <ClInclude Include="Managers\NetworkServer.h">
      <Filter>Managers</Filter>
    </ClInclude>
    <ClInclude Include="Activities\MultiplayerGame.h">
      <Filter>Activities</Filter>
    </ClInclude>
    <ClInclude Include="Activities\MultiplayerServerLobby.h">
      <Filter>Activities</Filter>
    </ClInclude>
    <ClInclude Include="System\StandardIncludes.h">
      <Filter>System</Filter>
    </ClInclude>
    <ClInclude Include="GUI\GUISound.h">
      <Filter>GUI</Filter>
    </ClInclude>
    <ClInclude Include="System\RTETools.h">
      <Filter>System</Filter>
    </ClInclude>
    <ClInclude Include="System\RTEError.h">
      <Filter>System</Filter>
    </ClInclude>
    <ClInclude Include="System\Constants.h">
      <Filter>System</Filter>
    </ClInclude>
    <ClInclude Include="Resources\resource.h">
      <Filter>Resources</Filter>
    </ClInclude>
    <ClInclude Include="System\Controller.h">
      <Filter>System</Filter>
    </ClInclude>
    <ClInclude Include="System\Entity.h">
      <Filter>System</Filter>
    </ClInclude>
    <ClInclude Include="Managers\PerformanceMan.h">
      <Filter>Managers</Filter>
    </ClInclude>
    <ClInclude Include="Managers\PrimitiveMan.h">
      <Filter>Managers</Filter>
    </ClInclude>
    <ClInclude Include="Managers\PostProcessMan.h">
      <Filter>Managers</Filter>
    </ClInclude>
    <ClInclude Include="Entities\SoundContainer.h">
      <Filter>Entities</Filter>
    </ClInclude>
    <ClInclude Include="Entities\SoundSet.h">
      <Filter>Entities</Filter>
    </ClInclude>
    <ClInclude Include="System\Atom.h">
      <Filter>System</Filter>
    </ClInclude>
    <ClInclude Include="Entities\ADSensor.h">
      <Filter>Entities</Filter>
    </ClInclude>
    <ClInclude Include="Entities\Gib.h">
      <Filter>Entities</Filter>
    </ClInclude>
    <ClInclude Include="Entities\Round.h">
      <Filter>Entities</Filter>
    </ClInclude>
    <ClInclude Include="System\NetworkMessages.h">
      <Filter>System</Filter>
    </ClInclude>
    <ClInclude Include="System\InputScheme.h">
      <Filter>System</Filter>
    </ClInclude>
    <ClInclude Include="System\InputMapping.h">
      <Filter>System</Filter>
    </ClInclude>
    <ClInclude Include="Entities\MetaSave.h">
      <Filter>Entities</Filter>
    </ClInclude>
    <ClInclude Include="Entities\Activity.h">
      <Filter>Entities</Filter>
    </ClInclude>
    <ClInclude Include="System\GraphicalPrimitive.h">
      <Filter>System</Filter>
    </ClInclude>
    <ClInclude Include="Menus\TitleScreen.h">
      <Filter>Menus</Filter>
    </ClInclude>
    <ClInclude Include="Managers\MenuMan.h">
      <Filter>Managers</Filter>
    </ClInclude>
    <ClInclude Include="Menus\LoadingScreen.h">
      <Filter>Menus</Filter>
    </ClInclude>
    <ClInclude Include="Menus\ModManagerGUI.h">
      <Filter>Menus</Filter>
    </ClInclude>
    <ClInclude Include="Menus\SettingsGUI.h">
      <Filter>Menus</Filter>
    </ClInclude>
    <ClInclude Include="Menus\SettingsAudioGUI.h">
      <Filter>Menus</Filter>
    </ClInclude>
    <ClInclude Include="Menus\SettingsVideoGUI.h">
      <Filter>Menus</Filter>
    </ClInclude>
    <ClInclude Include="Menus\SettingsInputGUI.h">
      <Filter>Menus</Filter>
    </ClInclude>
    <ClInclude Include="Menus\SettingsGameplayGUI.h">
      <Filter>Menus</Filter>
    </ClInclude>
    <ClInclude Include="Menus\SettingsMiscGUI.h">
      <Filter>Menus</Filter>
    </ClInclude>
    <ClInclude Include="Menus\SettingsInputMappingGUI.h">
      <Filter>Menus</Filter>
    </ClInclude>
    <ClInclude Include="Menus\SettingsInputMappingWizardGUI.h">
      <Filter>Menus</Filter>
    </ClInclude>
    <ClInclude Include="Menus\ScenarioActivityConfigGUI.h">
      <Filter>Menus</Filter>
    </ClInclude>
    <ClInclude Include="System\PieSlice.h">
      <Filter>System</Filter>
    </ClInclude>
    <ClInclude Include="Menus\InventoryMenuGUI.h">
      <Filter>Menus</Filter>
    </ClInclude>
    <ClInclude Include="Lua\LuaBindDefinitions.h">
      <Filter>Lua</Filter>
    </ClInclude>
    <ClInclude Include="Lua\LuaBindingRegisterDefinitions.h">
      <Filter>Lua</Filter>
    </ClInclude>
    <ClInclude Include="GUI\GUIInterface.h">
      <Filter>GUI</Filter>
    </ClInclude>
    <ClInclude Include="GUI\GUIReader.h">
      <Filter>GUI</Filter>
    </ClInclude>
    <ClInclude Include="GUI\GUIWriter.h">
      <Filter>GUI</Filter>
    </ClInclude>
    <ClInclude Include="Lua\LuaAdaptersEntities.h">
      <Filter>Lua</Filter>
    </ClInclude>
    <ClInclude Include="Lua\LuaAdapters.h">
      <Filter>Lua</Filter>
    </ClInclude>
  </ItemGroup>
  <ItemGroup>
    <ClCompile Include="System\Box.cpp">
      <Filter>System</Filter>
    </ClCompile>
    <ClCompile Include="System\Color.cpp">
      <Filter>System</Filter>
    </ClCompile>
    <ClCompile Include="System\ContentFile.cpp">
      <Filter>System</Filter>
    </ClCompile>
    <ClCompile Include="System\DataModule.cpp">
      <Filter>System</Filter>
    </ClCompile>
    <ClCompile Include="System\Matrix.cpp">
      <Filter>System</Filter>
    </ClCompile>
    <ClCompile Include="System\PathFinder.cpp">
      <Filter>System</Filter>
    </ClCompile>
    <ClCompile Include="System\Reader.cpp">
      <Filter>System</Filter>
    </ClCompile>
    <ClCompile Include="System\System.cpp">
      <Filter>System</Filter>
    </ClCompile>
    <ClCompile Include="System\Timer.cpp">
      <Filter>System</Filter>
    </ClCompile>
    <ClCompile Include="System\Vector.cpp">
      <Filter>System</Filter>
    </ClCompile>
    <ClCompile Include="System\Writer.cpp">
      <Filter>System</Filter>
    </ClCompile>
    <ClCompile Include="System\MicroPather\micropather.cpp">
      <Filter>System\MicroPather</Filter>
    </ClCompile>
    <ClCompile Include="Managers\AchievementMan.cpp">
      <Filter>Managers</Filter>
    </ClCompile>
    <ClCompile Include="Managers\ActivityMan.cpp">
      <Filter>Managers</Filter>
    </ClCompile>
    <ClCompile Include="Managers\AudioMan.cpp">
      <Filter>Managers</Filter>
    </ClCompile>
    <ClCompile Include="Managers\ConsoleMan.cpp">
      <Filter>Managers</Filter>
    </ClCompile>
    <ClCompile Include="managers\FrameMan.cpp">
      <Filter>Managers</Filter>
    </ClCompile>
    <ClCompile Include="Managers\LuaMan.cpp">
      <Filter>Managers</Filter>
    </ClCompile>
    <ClCompile Include="Managers\MetaMan.cpp">
      <Filter>Managers</Filter>
    </ClCompile>
    <ClCompile Include="Managers\MovableMan.cpp">
      <Filter>Managers</Filter>
    </ClCompile>
    <ClCompile Include="Managers\PresetMan.cpp">
      <Filter>Managers</Filter>
    </ClCompile>
    <ClCompile Include="Managers\SceneMan.cpp">
      <Filter>Managers</Filter>
    </ClCompile>
    <ClCompile Include="Managers\SettingsMan.cpp">
      <Filter>Managers</Filter>
    </ClCompile>
    <ClCompile Include="Managers\TimerMan.cpp">
      <Filter>Managers</Filter>
    </ClCompile>
    <ClCompile Include="Managers\UInputMan.cpp">
      <Filter>Managers</Filter>
    </ClCompile>
    <ClCompile Include="GUI\AllegroBitmap.cpp">
      <Filter>GUI</Filter>
    </ClCompile>
    <ClCompile Include="GUI\AllegroInput.cpp">
      <Filter>GUI</Filter>
    </ClCompile>
    <ClCompile Include="GUI\AllegroScreen.cpp">
      <Filter>GUI</Filter>
    </ClCompile>
    <ClCompile Include="GUI\GUIBanner.cpp">
      <Filter>GUI</Filter>
    </ClCompile>
    <ClCompile Include="GUI\GUIButton.cpp">
      <Filter>GUI</Filter>
    </ClCompile>
    <ClCompile Include="GUI\GUICheckbox.cpp">
      <Filter>GUI</Filter>
    </ClCompile>
    <ClCompile Include="GUI\GUICollectionBox.cpp">
      <Filter>GUI</Filter>
    </ClCompile>
    <ClCompile Include="GUI\GUIComboBox.cpp">
      <Filter>GUI</Filter>
    </ClCompile>
    <ClCompile Include="GUI\GUIControl.cpp">
      <Filter>GUI</Filter>
    </ClCompile>
    <ClCompile Include="GUI\GUIControlFactory.cpp">
      <Filter>GUI</Filter>
    </ClCompile>
    <ClCompile Include="GUI\GUIControlManager.cpp">
      <Filter>GUI</Filter>
    </ClCompile>
    <ClCompile Include="GUI\GUIEvent.cpp">
      <Filter>GUI</Filter>
    </ClCompile>
    <ClCompile Include="GUI\GUIFont.cpp">
      <Filter>GUI</Filter>
    </ClCompile>
    <ClCompile Include="GUI\GUIInput.cpp">
      <Filter>GUI</Filter>
    </ClCompile>
    <ClCompile Include="GUI\GUILabel.cpp">
      <Filter>GUI</Filter>
    </ClCompile>
    <ClCompile Include="GUI\GUIListBox.cpp">
      <Filter>GUI</Filter>
    </ClCompile>
    <ClCompile Include="GUI\GUIListPanel.cpp">
      <Filter>GUI</Filter>
    </ClCompile>
    <ClCompile Include="GUI\GUIManager.cpp">
      <Filter>GUI</Filter>
    </ClCompile>
    <ClCompile Include="GUI\GUIPanel.cpp">
      <Filter>GUI</Filter>
    </ClCompile>
    <ClCompile Include="GUI\GUIProgressBar.cpp">
      <Filter>GUI</Filter>
    </ClCompile>
    <ClCompile Include="GUI\GUIProperties.cpp">
      <Filter>GUI</Filter>
    </ClCompile>
    <ClCompile Include="GUI\GUIPropertyPage.cpp">
      <Filter>GUI</Filter>
    </ClCompile>
    <ClCompile Include="GUI\GUIRadioButton.cpp">
      <Filter>GUI</Filter>
    </ClCompile>
    <ClCompile Include="GUI\GUIScrollbar.cpp">
      <Filter>GUI</Filter>
    </ClCompile>
    <ClCompile Include="GUI\GUIScrollPanel.cpp">
      <Filter>GUI</Filter>
    </ClCompile>
    <ClCompile Include="GUI\GUISkin.cpp">
      <Filter>GUI</Filter>
    </ClCompile>
    <ClCompile Include="GUI\GUISlider.cpp">
      <Filter>GUI</Filter>
    </ClCompile>
    <ClCompile Include="GUI\GUITab.cpp">
      <Filter>GUI</Filter>
    </ClCompile>
    <ClCompile Include="GUI\GUITextBox.cpp">
      <Filter>GUI</Filter>
    </ClCompile>
    <ClCompile Include="GUI\GUITextPanel.cpp">
      <Filter>GUI</Filter>
    </ClCompile>
    <ClCompile Include="GUI\GUIUtil.cpp">
      <Filter>GUI</Filter>
    </ClCompile>
    <ClCompile Include="Entities\ACDropShip.cpp">
      <Filter>Entities</Filter>
    </ClCompile>
    <ClCompile Include="Entities\ACrab.cpp">
      <Filter>Entities</Filter>
    </ClCompile>
    <ClCompile Include="Entities\ACraft.cpp">
      <Filter>Entities</Filter>
    </ClCompile>
    <ClCompile Include="Entities\ACRocket.cpp">
      <Filter>Entities</Filter>
    </ClCompile>
    <ClCompile Include="Entities\Actor.cpp">
      <Filter>Entities</Filter>
    </ClCompile>
    <ClCompile Include="Entities\ADoor.cpp">
      <Filter>Entities</Filter>
    </ClCompile>
    <ClCompile Include="Entities\AEmitter.cpp">
      <Filter>Entities</Filter>
    </ClCompile>
    <ClCompile Include="Entities\AHuman.cpp">
      <Filter>Entities</Filter>
    </ClCompile>
    <ClCompile Include="Entities\Arm.cpp">
      <Filter>Entities</Filter>
    </ClCompile>
    <ClCompile Include="Entities\AtomGroup.cpp">
      <Filter>Entities</Filter>
    </ClCompile>
    <ClCompile Include="Entities\Attachable.cpp">
      <Filter>Entities</Filter>
    </ClCompile>
    <ClCompile Include="Entities\BunkerAssembly.cpp">
      <Filter>Entities</Filter>
    </ClCompile>
    <ClCompile Include="Entities\BunkerAssemblyScheme.cpp">
      <Filter>Entities</Filter>
    </ClCompile>
    <ClCompile Include="Entities\Deployment.cpp">
      <Filter>Entities</Filter>
    </ClCompile>
    <ClCompile Include="Entities\GlobalScript.cpp">
      <Filter>Entities</Filter>
    </ClCompile>
    <ClCompile Include="Entities\HDFirearm.cpp">
      <Filter>Entities</Filter>
    </ClCompile>
    <ClCompile Include="Entities\HeldDevice.cpp">
      <Filter>Entities</Filter>
    </ClCompile>
    <ClCompile Include="Entities\Icon.cpp">
      <Filter>Entities</Filter>
    </ClCompile>
    <ClCompile Include="Entities\Leg.cpp">
      <Filter>Entities</Filter>
    </ClCompile>
    <ClCompile Include="Entities\LimbPath.cpp">
      <Filter>Entities</Filter>
    </ClCompile>
    <ClCompile Include="Entities\Loadout.cpp">
      <Filter>Entities</Filter>
    </ClCompile>
    <ClCompile Include="Entities\Magazine.cpp">
      <Filter>Entities</Filter>
    </ClCompile>
    <ClCompile Include="Entities\Material.cpp">
      <Filter>Entities</Filter>
    </ClCompile>
    <ClCompile Include="Entities\MetaPlayer.cpp">
      <Filter>Entities</Filter>
    </ClCompile>
    <ClCompile Include="Entities\MOPixel.cpp">
      <Filter>Entities</Filter>
    </ClCompile>
    <ClCompile Include="Entities\MOSParticle.cpp">
      <Filter>Entities</Filter>
    </ClCompile>
    <ClCompile Include="Entities\MOSprite.cpp">
      <Filter>Entities</Filter>
    </ClCompile>
    <ClCompile Include="Entities\MOSRotating.cpp">
      <Filter>Entities</Filter>
    </ClCompile>
    <ClCompile Include="Entities\MovableObject.cpp">
      <Filter>Entities</Filter>
    </ClCompile>
    <ClCompile Include="Entities\Scene.cpp">
      <Filter>Entities</Filter>
    </ClCompile>
    <ClCompile Include="Entities\SceneLayer.cpp">
      <Filter>Entities</Filter>
    </ClCompile>
    <ClCompile Include="Entities\SceneObject.cpp">
      <Filter>Entities</Filter>
    </ClCompile>
    <ClCompile Include="Entities\SLTerrain.cpp">
      <Filter>Entities</Filter>
    </ClCompile>
    <ClCompile Include="Entities\TDExplosive.cpp">
      <Filter>Entities</Filter>
    </ClCompile>
    <ClCompile Include="Entities\TerrainDebris.cpp">
      <Filter>Entities</Filter>
    </ClCompile>
    <ClCompile Include="Entities\TerrainObject.cpp">
      <Filter>Entities</Filter>
    </ClCompile>
    <ClCompile Include="Entities\ThrownDevice.cpp">
      <Filter>Entities</Filter>
    </ClCompile>
    <ClCompile Include="Entities\Turret.cpp">
      <Filter>Entities</Filter>
    </ClCompile>
    <ClCompile Include="Activities\ActorEditor.cpp">
      <Filter>Activities</Filter>
    </ClCompile>
    <ClCompile Include="Activities\AreaEditor.cpp">
      <Filter>Activities</Filter>
    </ClCompile>
    <ClCompile Include="Activities\AssemblyEditor.cpp">
      <Filter>Activities</Filter>
    </ClCompile>
    <ClCompile Include="Activities\BaseEditor.cpp">
      <Filter>Activities</Filter>
    </ClCompile>
    <ClCompile Include="Activities\EditorActivity.cpp">
      <Filter>Activities</Filter>
    </ClCompile>
    <ClCompile Include="Activities\GABaseDefense.cpp">
      <Filter>Activities</Filter>
    </ClCompile>
    <ClCompile Include="Activities\GABrainMatch.cpp">
      <Filter>Activities</Filter>
    </ClCompile>
    <ClCompile Include="Activities\GameActivity.cpp">
      <Filter>Activities</Filter>
    </ClCompile>
    <ClCompile Include="Activities\GAScripted.cpp">
      <Filter>Activities</Filter>
    </ClCompile>
    <ClCompile Include="Activities\GATutorial.cpp">
      <Filter>Activities</Filter>
    </ClCompile>
    <ClCompile Include="Activities\GibEditor.cpp">
      <Filter>Activities</Filter>
    </ClCompile>
    <ClCompile Include="Activities\SceneEditor.cpp">
      <Filter>Activities</Filter>
    </ClCompile>
    <ClCompile Include="Menus\AreaEditorGUI.cpp">
      <Filter>Menus</Filter>
    </ClCompile>
    <ClCompile Include="Menus\AreaPickerGUI.cpp">
      <Filter>Menus</Filter>
    </ClCompile>
    <ClCompile Include="Menus\AssemblyEditorGUI.cpp">
      <Filter>Menus</Filter>
    </ClCompile>
    <ClCompile Include="Menus\BuyMenuGUI.cpp">
      <Filter>Menus</Filter>
    </ClCompile>
    <ClCompile Include="Menus\GibEditorGUI.cpp">
      <Filter>Menus</Filter>
    </ClCompile>
    <ClCompile Include="Menus\MainMenuGUI.cpp">
      <Filter>Menus</Filter>
    </ClCompile>
    <ClCompile Include="Menus\MetagameGUI.cpp">
      <Filter>Menus</Filter>
    </ClCompile>
    <ClCompile Include="Menus\ObjectPickerGUI.cpp">
      <Filter>Menus</Filter>
    </ClCompile>
    <ClCompile Include="Menus\PieMenuGUI.cpp">
      <Filter>Menus</Filter>
    </ClCompile>
    <ClCompile Include="Menus\ScenarioGUI.cpp">
      <Filter>Menus</Filter>
    </ClCompile>
    <ClCompile Include="Menus\SceneEditorGUI.cpp">
      <Filter>Menus</Filter>
    </ClCompile>
    <ClCompile Include="Main.cpp" />
    <ClCompile Include="Entities\Emission.cpp">
      <Filter>Entities</Filter>
    </ClCompile>
    <ClCompile Include="Entities\PEmitter.cpp">
      <Filter>Entities</Filter>
    </ClCompile>
    <ClCompile Include="Managers\NetworkClient.cpp">
      <Filter>Managers</Filter>
    </ClCompile>
    <ClCompile Include="Managers\NetworkServer.cpp">
      <Filter>Managers</Filter>
    </ClCompile>
    <ClCompile Include="Activities\MultiplayerGame.cpp">
      <Filter>Activities</Filter>
    </ClCompile>
    <ClCompile Include="Activities\MultiplayerServerLobby.cpp">
      <Filter>Activities</Filter>
    </ClCompile>
    <ClCompile Include="System\StandardIncludes.cpp">
      <Filter>System</Filter>
    </ClCompile>
    <ClCompile Include="GUI\GUISound.cpp">
      <Filter>GUI</Filter>
    </ClCompile>
    <ClCompile Include="System\RTETools.cpp">
      <Filter>System</Filter>
    </ClCompile>
    <ClCompile Include="System\RTEError.cpp">
      <Filter>System</Filter>
    </ClCompile>
    <ClCompile Include="System\Controller.cpp">
      <Filter>System</Filter>
    </ClCompile>
    <ClCompile Include="System\Entity.cpp">
      <Filter>System</Filter>
    </ClCompile>
    <ClCompile Include="Managers\PerformanceMan.cpp">
      <Filter>Managers</Filter>
    </ClCompile>
    <ClCompile Include="Managers\PrimitiveMan.cpp">
      <Filter>Managers</Filter>
    </ClCompile>
    <ClCompile Include="Managers\PostProcessMan.cpp">
      <Filter>Managers</Filter>
    </ClCompile>
    <ClCompile Include="Entities\SoundContainer.cpp">
      <Filter>Entities</Filter>
    </ClCompile>
    <ClCompile Include="Entities\SoundSet.cpp">
      <Filter>Entities</Filter>
    </ClCompile>
    <ClCompile Include="System\Atom.cpp">
      <Filter>System</Filter>
    </ClCompile>
    <ClCompile Include="Entities\ADSensor.cpp">
      <Filter>Entities</Filter>
    </ClCompile>
    <ClCompile Include="Entities\Gib.cpp">
      <Filter>Entities</Filter>
    </ClCompile>
    <ClCompile Include="Entities\Round.cpp">
      <Filter>Entities</Filter>
    </ClCompile>
    <ClCompile Include="System\InputScheme.cpp">
      <Filter>System</Filter>
    </ClCompile>
    <ClCompile Include="System\InputMapping.cpp">
      <Filter>System</Filter>
    </ClCompile>
    <ClCompile Include="Entities\MetaSave.cpp">
      <Filter>Entities</Filter>
    </ClCompile>
    <ClCompile Include="Entities\Activity.cpp">
      <Filter>Entities</Filter>
    </ClCompile>
    <ClCompile Include="System\GraphicalPrimitive.cpp">
      <Filter>System</Filter>
    </ClCompile>
    <ClCompile Include="Menus\TitleScreen.cpp">
      <Filter>Menus</Filter>
    </ClCompile>
    <ClCompile Include="Managers\MenuMan.cpp">
      <Filter>Managers</Filter>
    </ClCompile>
    <ClCompile Include="Menus\LoadingScreen.cpp">
      <Filter>Menus</Filter>
    </ClCompile>
    <ClCompile Include="Menus\ModManagerGUI.cpp">
      <Filter>Menus</Filter>
    </ClCompile>
    <ClCompile Include="Menus\SettingsGUI.cpp">
      <Filter>Menus</Filter>
    </ClCompile>
    <ClCompile Include="Menus\SettingsAudioGUI.cpp">
      <Filter>Menus</Filter>
    </ClCompile>
    <ClCompile Include="Menus\SettingsVideoGUI.cpp">
      <Filter>Menus</Filter>
    </ClCompile>
    <ClCompile Include="Menus\SettingsInputGUI.cpp">
      <Filter>Menus</Filter>
    </ClCompile>
    <ClCompile Include="Menus\SettingsGameplayGUI.cpp">
      <Filter>Menus</Filter>
    </ClCompile>
    <ClCompile Include="Menus\SettingsMiscGUI.cpp">
      <Filter>Menus</Filter>
    </ClCompile>
    <ClCompile Include="Menus\SettingsInputMappingGUI.cpp">
      <Filter>Menus</Filter>
    </ClCompile>
    <ClCompile Include="Menus\SettingsInputMappingWizardGUI.cpp">
      <Filter>Menus</Filter>
    </ClCompile>
    <ClCompile Include="Menus\ScenarioActivityConfigGUI.cpp">
      <Filter>Menus</Filter>
    </ClCompile>
    <ClCompile Include="System\PieSlice.cpp">
      <Filter>System</Filter>
    </ClCompile>
    <ClCompile Include="Menus\InventoryMenuGUI.cpp">
      <Filter>Menus</Filter>
    </ClCompile>
    <ClCompile Include="System\Serializable.cpp">
      <Filter>System</Filter>
    </ClCompile>
    <ClCompile Include="GUI\GUIReader.cpp">
      <Filter>GUI</Filter>
    </ClCompile>
    <ClCompile Include="GUI\GUIWriter.cpp">
      <Filter>GUI</Filter>
    </ClCompile>
    <ClCompile Include="Lua\LuaBindingsMisc.cpp">
      <Filter>Lua</Filter>
    </ClCompile>
    <ClCompile Include="Lua\LuaBindingsActivities.cpp">
      <Filter>Lua</Filter>
    </ClCompile>
    <ClCompile Include="Lua\LuaBindingsEntities.cpp">
      <Filter>Lua</Filter>
    </ClCompile>
    <ClCompile Include="Lua\LuaBindingsGUI.cpp">
      <Filter>Lua</Filter>
    </ClCompile>
    <ClCompile Include="Lua\LuaBindingsManagers.cpp">
      <Filter>Lua</Filter>
    </ClCompile>
    <ClCompile Include="Lua\LuaBindingsSystem.cpp">
      <Filter>Lua</Filter>
    </ClCompile>
  </ItemGroup>
  <ItemGroup>
    <Image Include="Resources\ccicon.ico">
      <Filter>Resources</Filter>
    </Image>
  </ItemGroup>
  <ItemGroup>
    <ResourceCompile Include="Resources\RTEA.rc">
      <Filter>Resources</Filter>
    </ResourceCompile>
  </ItemGroup>
  <ItemGroup>
    <None Include="cpp.hint" />
  </ItemGroup>
</Project>