<?xml version="1.0" encoding="utf-8"?>
<Project ToolsVersion="4.0" xmlns="http://schemas.microsoft.com/developer/msbuild/2003">
  <ItemGroup>
    <Filter Include="DebugTool">
      <UniqueIdentifier>{66fed335-0d2a-4d74-b8c4-5e3128265dfe}</UniqueIdentifier>
    </Filter>
    <Filter Include="Profiler">
      <UniqueIdentifier>{ac370e80-1cfd-4da3-859b-e902fc452baf}</UniqueIdentifier>
    </Filter>
    <Filter Include="pch">
      <UniqueIdentifier>{6b1cea3e-6f72-4f9d-9375-e93816e4609a}</UniqueIdentifier>
    </Filter>
  </ItemGroup>
  <ItemGroup>
    <ClCompile Include="DebugTool\DebugMessage.cpp">
      <Filter>DebugTool</Filter>
    </ClCompile>
    <ClCompile Include="DebugTool\DebugMessageFactory.cpp">
      <Filter>DebugTool</Filter>
    </ClCompile>
    <ClCompile Include="DebugTool\DebugTool.cpp">
      <Filter>DebugTool</Filter>
    </ClCompile>
    <ClCompile Include="Profiler\ProfileControlMessage.cpp">
      <Filter>Profiler</Filter>
    </ClCompile>
    <ClCompile Include="Profiler\Profiler.cpp">
      <Filter>Profiler</Filter>
    </ClCompile>
    <ClCompile Include="Profiler\ProfileReportMessage.cpp">
      <Filter>Profiler</Filter>
    </ClCompile>
    <ClCompile Include="Profiler\ProfileStatusMessage.cpp">
      <Filter>Profiler</Filter>
    </ClCompile>
    <ClCompile Include="pch\pch.cpp">
      <Filter>pch</Filter>
    </ClCompile>
    <ClCompile Include="BinaryReaderEndianSwapped.cpp" />
    <ClCompile Include="BinaryReaderNormal.cpp" />
    <ClCompile Include="BinaryWriterEndianSwapped.cpp" />
    <ClCompile Include="BinaryWriterNormal.cpp" />
    <ClCompile Include="debug.cpp" />
  </ItemGroup>
  <ItemGroup>
    <ClInclude Include="DebugTool\DebugMessage.h">
      <Filter>DebugTool</Filter>
    </ClInclude>
    <ClInclude Include="DebugTool\DebugMessageFactory.h">
      <Filter>DebugTool</Filter>
    </ClInclude>
    <ClInclude Include="DebugTool\DebugMessageListener.h">
      <Filter>DebugTool</Filter>
    </ClInclude>
    <ClInclude Include="DebugTool\DebugTool.h">
      <Filter>DebugTool</Filter>
    </ClInclude>
    <ClInclude Include="Profiler\ProfileControlMessage.h">
      <Filter>Profiler</Filter>
    </ClInclude>
    <ClInclude Include="Profiler\Profiler.h">
      <Filter>Profiler</Filter>
    </ClInclude>
    <ClInclude Include="Profiler\ProfileReportMessage.h">
      <Filter>Profiler</Filter>
    </ClInclude>
    <ClInclude Include="Profiler\ProfileStatusMessage.h">
      <Filter>Profiler</Filter>
    </ClInclude>
    <ClInclude Include="pch\pch.h">
      <Filter>pch</Filter>
    </ClInclude>
    <ClInclude Include="BinaryReader.h" />
    <ClInclude Include="BinaryReaderEndianSwapped.h" />
    <ClInclude Include="BinaryReaderNormal.h" />
    <ClInclude Include="BinaryWriter.h" />
    <ClInclude Include="BinaryWriterEndianSwapped.h" />
    <ClInclude Include="BinaryWriterNormal.h" />
    <ClInclude Include="debug.h" />
  </ItemGroup>
</Project>