
Microsoft Visual Studio Solution File, Format Version 9.00
# Visual C# Express 2005
Project("{FAE04EC0-301F-11D3-BF4B-00C04F79EFBC}") = "DebugTool", "DebugTool\DebugTool.csproj", "{8700A7F5-E582-4A1E-B2CF-6CD5FFD330C9}"
EndProject
Global
	GlobalSection(SolutionConfigurationPlatforms) = preSolution
		Debug|Any CPU = Debug|Any CPU
		Release|Any CPU = Release|Any CPU
	EndGlobalSection
	GlobalSection(ProjectConfigurationPlatforms) = postSolution
		{8700A7F5-E582-4A1E-B2CF-6CD5FFD330C9}.Debug|Any CPU.ActiveCfg = Debug|Any CPU
		{8700A7F5-E582-4A1E-B2CF-6CD5FFD330C9}.Debug|Any CPU.Build.0 = Debug|Any CPU
		{8700A7F5-E582-4A1E-B2CF-6CD5FFD330C9}.Release|Any CPU.ActiveCfg = Release|Any CPU
		{8700A7F5-E582-4A1E-B2CF-6CD5FFD330C9}.Release|Any CPU.Build.0 = Release|Any CPU
	EndGlobalSection
	GlobalSection(SolutionProperties) = preSolution
		HideSolutionNode = FALSE
	EndGlobalSection
EndGlobal
